
Microsoft Visual Studio Solution File, Format Version 12.00
# Visual Studio Version 17
VisualStudioVersion = 17.13.35825.156 d17.13
MinimumVisualStudioVersion = 10.0.40219.1
Project("{FAE04EC0-301F-11D3-BF4B-00C04F79EFBC}") = "WeatherApp3", "WeatherApp3\WeatherApp3.csproj", "{2D03F9C7-1544-4D2D-98E6-9EE3E4777732}"
EndProject
Global
	GlobalSection(SolutionConfigurationPlatforms) = preSolution
		Debug|Any CPU = Debug|Any CPU
		Release|Any CPU = Release|Any CPU
	EndGlobalSection
	GlobalSection(ProjectConfigurationPlatforms) = postSolution
		{2D03F9C7-1544-4D2D-98E6-9EE3E4777732}.Debug|Any CPU.ActiveCfg = Debug|Any CPU
		{2D03F9C7-1544-4D2D-98E6-9EE3E4777732}.Debug|Any CPU.Build.0 = Debug|Any CPU
		{2D03F9C7-1544-4D2D-98E6-9EE3E4777732}.Release|Any CPU.ActiveCfg = Release|Any CPU
		{2D03F9C7-1544-4D2D-98E6-9EE3E4777732}.Release|Any CPU.Build.0 = Release|Any CPU
	EndGlobalSection
	GlobalSection(SolutionProperties) = preSolution
		HideSolutionNode = FALSE
	EndGlobalSection
	GlobalSection(ExtensibilityGlobals) = postSolution
		SolutionGuid = {92200368-C82D-4307-8ED9-D9B2A174227C}
	EndGlobalSection
EndGlobal
